// !$*UTF8*$!
{
	archiveVersion = 1;
	classes = {
	};
	objectVersion = 56;
	objects = {

/* Begin PBXBuildFile section */
		8F09DAFA2B4A87060089F820 /* Social_WidgetsApp.swift in Sources */ = {isa = PBXBuildFile; fileRef = 8F09DAF92B4A87060089F820 /* Social_WidgetsApp.swift */; };
		8F09DAFC2B4A87060089F820 /* ContentView.swift in Sources */ = {isa = PBXBuildFile; fileRef = 8F09DAFB2B4A87060089F820 /* ContentView.swift */; };
		8F09DAFE2B4A87060089F820 /* Assets.xcassets in Resources */ = {isa = PBXBuildFile; fileRef = 8F09DAFD2B4A87060089F820 /* Assets.xcassets */; };
		8F09DB012B4A87060089F820 /* Preview Assets.xcassets in Resources */ = {isa = PBXBuildFile; fileRef = 8F09DB002B4A87060089F820 /* Preview Assets.xcassets */; };
		8F09DB0B2B4A87070089F820 /* Social_WidgetsTests.swift in Sources */ = {isa = PBXBuildFile; fileRef = 8F09DB0A2B4A87070089F820 /* Social_WidgetsTests.swift */; };
		8F09DB152B4A87070089F820 /* Social_WidgetsUITests.swift in Sources */ = {isa = PBXBuildFile; fileRef = 8F09DB142B4A87070089F820 /* Social_WidgetsUITests.swift */; };
		8F09DB172B4A87070089F820 /* Social_WidgetsUITestsLaunchTests.swift in Sources */ = {isa = PBXBuildFile; fileRef = 8F09DB162B4A87070089F820 /* Social_WidgetsUITestsLaunchTests.swift */; };
/* End PBXBuildFile section */

/* Begin PBXContainerItemProxy section */
		8F09DB072B4A87070089F820 /* PBXContainerItemProxy */ = {
			isa = PBXContainerItemProxy;
			containerPortal = 8F09DAEE2B4A87060089F820 /* Project object */;
			proxyType = 1;
			remoteGlobalIDString = 8F09DAF52B4A87060089F820;
			remoteInfo = "Social Widgets";
		};
		8F09DB112B4A87070089F820 /* PBXContainerItemProxy */ = {
			isa = PBXContainerItemProxy;
			containerPortal = 8F09DAEE2B4A87060089F820 /* Project object */;
			proxyType = 1;
			remoteGlobalIDString = 8F09DAF52B4A87060089F820;
			remoteInfo = "Social Widgets";
		};
/* End PBXContainerItemProxy section */

/* Begin PBXFileReference section */
		8F09DAF62B4A87060089F820 /* Social Widgets.app */ = {isa = PBXFileReference; explicitFileType = wrapper.application; includeInIndex = 0; path = "Social Widgets.app"; sourceTree = BUILT_PRODUCTS_DIR; };
		8F09DAF92B4A87060089F820 /* Social_WidgetsApp.swift */ = {isa = PBXFileReference; lastKnownFileType = sourcecode.swift; path = Social_WidgetsApp.swift; sourceTree = "<group>"; };
		8F09DAFB2B4A87060089F820 /* ContentView.swift */ = {isa = PBXFileReference; lastKnownFileType = sourcecode.swift; path = ContentView.swift; sourceTree = "<group>"; };
		8F09DAFD2B4A87060089F820 /* Assets.xcassets */ = {isa = PBXFileReference; lastKnownFileType = folder.assetcatalog; path = Assets.xcassets; sourceTree = "<group>"; };
		8F09DB002B4A87060089F820 /* Preview Assets.xcassets */ = {isa = PBXFileReference; lastKnownFileType = folder.assetcatalog; path = "Preview Assets.xcassets"; sourceTree = "<group>"; };
		8F09DB062B4A87070089F820 /* Social WidgetsTests.xctest */ = {isa = PBXFileReference; explicitFileType = wrapper.cfbundle; includeInIndex = 0; path = "Social WidgetsTests.xctest"; sourceTree = BUILT_PRODUCTS_DIR; };
		8F09DB0A2B4A87070089F820 /* Social_WidgetsTests.swift */ = {isa = PBXFileReference; lastKnownFileType = sourcecode.swift; path = Social_WidgetsTests.swift; sourceTree = "<group>"; };
		8F09DB102B4A87070089F820 /* Social WidgetsUITests.xctest */ = {isa = PBXFileReference; explicitFileType = wrapper.cfbundle; includeInIndex = 0; path = "Social WidgetsUITests.xctest"; sourceTree = BUILT_PRODUCTS_DIR; };
		8F09DB142B4A87070089F820 /* Social_WidgetsUITests.swift */ = {isa = PBXFileReference; lastKnownFileType = sourcecode.swift; path = Social_WidgetsUITests.swift; sourceTree = "<group>"; };
		8F09DB162B4A87070089F820 /* Social_WidgetsUITestsLaunchTests.swift */ = {isa = PBXFileReference; lastKnownFileType = sourcecode.swift; path = Social_WidgetsUITestsLaunchTests.swift; sourceTree = "<group>"; };
/* End PBXFileReference section */

/* Begin PBXFrameworksBuildPhase section */
		8F09DAF32B4A87060089F820 /* Frameworks */ = {
			isa = PBXFrameworksBuildPhase;
			buildActionMask = 2147483647;
			files = (
			);
			runOnlyForDeploymentPostprocessing = 0;
		};
		8F09DB032B4A87070089F820 /* Frameworks */ = {
			isa = PBXFrameworksBuildPhase;
			buildActionMask = 2147483647;
			files = (
			);
			runOnlyForDeploymentPostprocessing = 0;
		};
		8F09DB0D2B4A87070089F820 /* Frameworks */ = {
			isa = PBXFrameworksBuildPhase;
			buildActionMask = 2147483647;
			files = (
			);
			runOnlyForDeploymentPostprocessing = 0;
		};
/* End PBXFrameworksBuildPhase section */

/* Begin PBXGroup section */
		8F09DAED2B4A87060089F820 = {
			isa = PBXGroup;
			children = (
				8F09DAF82B4A87060089F820 /* Social Widgets */,
				8F09DB092B4A87070089F820 /* Social WidgetsTests */,
				8F09DB132B4A87070089F820 /* Social WidgetsUITests */,
				8F09DAF72B4A87060089F820 /* Products */,
			);
			sourceTree = "<group>";
		};
		8F09DAF72B4A87060089F820 /* Products */ = {
			isa = PBXGroup;
			children = (
				8F09DAF62B4A87060089F820 /* Social Widgets.app */,
				8F09DB062B4A87070089F820 /* Social WidgetsTests.xctest */,
				8F09DB102B4A87070089F820 /* Social WidgetsUITests.xctest */,
			);
			name = Products;
			sourceTree = "<group>";
		};
		8F09DAF82B4A87060089F820 /* Social Widgets */ = {
			isa = PBXGroup;
			children = (
				8F09DAF92B4A87060089F820 /* Social_WidgetsApp.swift */,
				8F09DAFB2B4A87060089F820 /* ContentView.swift */,
				8F09DAFD2B4A87060089F820 /* Assets.xcassets */,
				8F09DAFF2B4A87060089F820 /* Preview Content */,
			);
			path = "Social Widgets";
			sourceTree = "<group>";
		};
		8F09DAFF2B4A87060089F820 /* Preview Content */ = {
			isa = PBXGroup;
			children = (
				8F09DB002B4A87060089F820 /* Preview Assets.xcassets */,
			);
			path = "Preview Content";
			sourceTree = "<group>";
		};
		8F09DB092B4A87070089F820 /* Social WidgetsTests */ = {
			isa = PBXGroup;
			children = (
				8F09DB0A2B4A87070089F820 /* Social_WidgetsTests.swift */,
			);
			path = "Social WidgetsTests";
			sourceTree = "<group>";
		};
		8F09DB132B4A87070089F820 /* Social WidgetsUITests */ = {
			isa = PBXGroup;
			children = (
				8F09DB142B4A87070089F820 /* Social_WidgetsUITests.swift */,
				8F09DB162B4A87070089F820 /* Social_WidgetsUITestsLaunchTests.swift */,
			);
			path = "Social WidgetsUITests";
			sourceTree = "<group>";
		};
/* End PBXGroup section */

/* Begin PBXNativeTarget section */
		8F09DAF52B4A87060089F820 /* Social Widgets */ = {
			isa = PBXNativeTarget;
			buildConfigurationList = 8F09DB1A2B4A87070089F820 /* Build configuration list for PBXNativeTarget "Social Widgets" */;
			buildPhases = (
				8F09DAF22B4A87060089F820 /* Sources */,
				8F09DAF32B4A87060089F820 /* Frameworks */,
				8F09DAF42B4A87060089F820 /* Resources */,
			);
			buildRules = (
			);
			dependencies = (
			);
			name = "Social Widgets";
			productName = "Social Widgets";
			productReference = 8F09DAF62B4A87060089F820 /* Social Widgets.app */;
			productType = "com.apple.product-type.application";
		};
		8F09DB052B4A87070089F820 /* Social WidgetsTests */ = {
			isa = PBXNativeTarget;
			buildConfigurationList = 8F09DB1D2B4A87070089F820 /* Build configuration list for PBXNativeTarget "Social WidgetsTests" */;
			buildPhases = (
				8F09DB022B4A87070089F820 /* Sources */,
				8F09DB032B4A87070089F820 /* Frameworks */,
				8F09DB042B4A87070089F820 /* Resources */,
			);
			buildRules = (
			);
			dependencies = (
				8F09DB082B4A87070089F820 /* PBXTargetDependency */,
			);
			name = "Social WidgetsTests";
			productName = "Social WidgetsTests";
			productReference = 8F09DB062B4A87070089F820 /* Social WidgetsTests.xctest */;
			productType = "com.apple.product-type.bundle.unit-test";
		};
		8F09DB0F2B4A87070089F820 /* Social WidgetsUITests */ = {
			isa = PBXNativeTarget;
			buildConfigurationList = 8F09DB202B4A87070089F820 /* Build configuration list for PBXNativeTarget "Social WidgetsUITests" */;
			buildPhases = (
				8F09DB0C2B4A87070089F820 /* Sources */,
				8F09DB0D2B4A87070089F820 /* Frameworks */,
				8F09DB0E2B4A87070089F820 /* Resources */,
			);
			buildRules = (
			);
			dependencies = (
				8F09DB122B4A87070089F820 /* PBXTargetDependency */,
			);
			name = "Social WidgetsUITests";
			productName = "Social WidgetsUITests";
			productReference = 8F09DB102B4A87070089F820 /* Social WidgetsUITests.xctest */;
			productType = "com.apple.product-type.bundle.ui-testing";
		};
/* End PBXNativeTarget section */

/* Begin PBXProject section */
		8F09DAEE2B4A87060089F820 /* Project object */ = {
			isa = PBXProject;
			attributes = {
				BuildIndependentTargetsInParallel = 1;
				LastSwiftUpdateCheck = 1430;
				LastUpgradeCheck = 1430;
				TargetAttributes = {
					8F09DAF52B4A87060089F820 = {
						CreatedOnToolsVersion = 14.3;
					};
					8F09DB052B4A87070089F820 = {
						CreatedOnToolsVersion = 14.3;
						TestTargetID = 8F09DAF52B4A87060089F820;
					};
					8F09DB0F2B4A87070089F820 = {
						CreatedOnToolsVersion = 14.3;
						TestTargetID = 8F09DAF52B4A87060089F820;
					};
				};
			};
			buildConfigurationList = 8F09DAF12B4A87060089F820 /* Build configuration list for PBXProject "Social Widgets" */;
			compatibilityVersion = "Xcode 14.0";
			developmentRegion = en;
			hasScannedForEncodings = 0;
			knownRegions = (
				en,
				Base,
			);
			mainGroup = 8F09DAED2B4A87060089F820;
			productRefGroup = 8F09DAF72B4A87060089F820 /* Products */;
			projectDirPath = "";
			projectRoot = "";
			targets = (
				8F09DAF52B4A87060089F820 /* Social Widgets */,
				8F09DB052B4A87070089F820 /* Social WidgetsTests */,
				8F09DB0F2B4A87070089F820 /* Social WidgetsUITests */,
			);
		};
/* End PBXProject section */

/* Begin PBXResourcesBuildPhase section */
		8F09DAF42B4A87060089F820 /* Resources */ = {
			isa = PBXResourcesBuildPhase;
			buildActionMask = 2147483647;
			files = (
				8F09DB012B4A87060089F820 /* Preview Assets.xcassets in Resources */,
				8F09DAFE2B4A87060089F820 /* Assets.xcassets in Resources */,
			);
			runOnlyForDeploymentPostprocessing = 0;
		};
		8F09DB042B4A87070089F820 /* Resources */ = {
			isa = PBXResourcesBuildPhase;
			buildActionMask = 2147483647;
			files = (
			);
			runOnlyForDeploymentPostprocessing = 0;
		};
		8F09DB0E2B4A87070089F820 /* Resources */ = {
			isa = PBXResourcesBuildPhase;
			buildActionMask = 2147483647;
			files = (
			);
			runOnlyForDeploymentPostprocessing = 0;
		};
/* End PBXResourcesBuildPhase section */

/* Begin PBXSourcesBuildPhase section */
		8F09DAF22B4A87060089F820 /* Sources */ = {
			isa = PBXSourcesBuildPhase;
			buildActionMask = 2147483647;
			files = (
				8F09DAFC2B4A87060089F820 /* ContentView.swift in Sources */,
				8F09DAFA2B4A87060089F820 /* Social_WidgetsApp.swift in Sources */,
			);
			runOnlyForDeploymentPostprocessing = 0;
		};
		8F09DB022B4A87070089F820 /* Sources */ = {
			isa = PBXSourcesBuildPhase;
			buildActionMask = 2147483647;
			files = (
				8F09DB0B2B4A87070089F820 /* Social_WidgetsTests.swift in Sources */,
			);
			runOnlyForDeploymentPostprocessing = 0;
		};
		8F09DB0C2B4A87070089F820 /* Sources */ = {
			isa = PBXSourcesBuildPhase;
			buildActionMask = 2147483647;
			files = (
				8F09DB152B4A87070089F820 /* Social_WidgetsUITests.swift in Sources */,
				8F09DB172B4A87070089F820 /* Social_WidgetsUITestsLaunchTests.swift in Sources */,
			);
			runOnlyForDeploymentPostprocessing = 0;
		};
/* End PBXSourcesBuildPhase section */

/* Begin PBXTargetDependency section */
		8F09DB082B4A87070089F820 /* PBXTargetDependency */ = {
			isa = PBXTargetDependency;
			target = 8F09DAF52B4A87060089F820 /* Social Widgets */;
			targetProxy = 8F09DB072B4A87070089F820 /* PBXContainerItemProxy */;
		};
		8F09DB122B4A87070089F820 /* PBXTargetDependency */ = {
			isa = PBXTargetDependency;
			target = 8F09DAF52B4A87060089F820 /* Social Widgets */;
			targetProxy = 8F09DB112B4A87070089F820 /* PBXContainerItemProxy */;
		};
/* End PBXTargetDependency section */

/* Begin XCBuildConfiguration section */
		8F09DB182B4A87070089F820 /* Debug */ = {
			isa = XCBuildConfiguration;
			buildSettings = {
				ALWAYS_SEARCH_USER_PATHS = NO;
				CLANG_ANALYZER_NONNULL = YES;
				CLANG_ANALYZER_NUMBER_OBJECT_CONVERSION = YES_AGGRESSIVE;
				CLANG_CXX_LANGUAGE_STANDARD = "gnu++20";
				CLANG_ENABLE_MODULES = YES;
				CLANG_ENABLE_OBJC_ARC = YES;
				CLANG_ENABLE_OBJC_WEAK = YES;
				CLANG_WARN_BLOCK_CAPTURE_AUTORELEASING = YES;
				CLANG_WARN_BOOL_CONVERSION = YES;
				CLANG_WARN_COMMA = YES;
				CLANG_WARN_CONSTANT_CONVERSION = YES;
				CLANG_WARN_DEPRECATED_OBJC_IMPLEMENTATIONS = YES;
				CLANG_WARN_DIRECT_OBJC_ISA_USAGE = YES_ERROR;
				CLANG_WARN_DOCUMENTATION_COMMENTS = YES;
				CLANG_WARN_EMPTY_BODY = YES;
				CLANG_WARN_ENUM_CONVERSION = YES;
				CLANG_WARN_INFINITE_RECURSION = YES;
				CLANG_WARN_INT_CONVERSION = YES;
				CLANG_WARN_NON_LITERAL_NULL_CONVERSION = YES;
				CLANG_WARN_OBJC_IMPLICIT_RETAIN_SELF = YES;
				CLANG_WARN_OBJC_LITERAL_CONVERSION = YES;
				CLANG_WARN_OBJC_ROOT_CLASS = YES_ERROR;
				CLANG_WARN_QUOTED_INCLUDE_IN_FRAMEWORK_HEADER = YES;
				CLANG_WARN_RANGE_LOOP_ANALYSIS = YES;
				CLANG_WARN_STRICT_PROTOTYPES = YES;
				CLANG_WARN_SUSPICIOUS_MOVE = YES;
				CLANG_WARN_UNGUARDED_AVAILABILITY = YES_AGGRESSIVE;
				CLANG_WARN_UNREACHABLE_CODE = YES;
				CLANG_WARN__DUPLICATE_METHOD_MATCH = YES;
				COPY_PHASE_STRIP = NO;
				DEBUG_INFORMATION_FORMAT = dwarf;
				ENABLE_STRICT_OBJC_MSGSEND = YES;
				ENABLE_TESTABILITY = YES;
				GCC_C_LANGUAGE_STANDARD = gnu11;
				GCC_DYNAMIC_NO_PIC = NO;
				GCC_NO_COMMON_BLOCKS = YES;
				GCC_OPTIMIZATION_LEVEL = 0;
				GCC_PREPROCESSOR_DEFINITIONS = (
					"DEBUG=1",
					"$(inherited)",
				);
				GCC_WARN_64_TO_32_BIT_CONVERSION = YES;
				GCC_WARN_ABOUT_RETURN_TYPE = YES_ERROR;
				GCC_WARN_UNDECLARED_SELECTOR = YES;
				GCC_WARN_UNINITIALIZED_AUTOS = YES_AGGRESSIVE;
				GCC_WARN_UNUSED_FUNCTION = YES;
				GCC_WARN_UNUSED_VARIABLE = YES;
				IPHONEOS_DEPLOYMENT_TARGET = 16.4;
				MTL_ENABLE_DEBUG_INFO = INCLUDE_SOURCE;
				MTL_FAST_MATH = YES;
				ONLY_ACTIVE_ARCH = YES;
				SDKROOT = iphoneos;
				SWIFT_ACTIVE_COMPILATION_CONDITIONS = DEBUG;
				SWIFT_OPTIMIZATION_LEVEL = "-Onone";
			};
			name = Debug;
		};
		8F09DB192B4A87070089F820 /* Release */ = {
			isa = XCBuildConfiguration;
			buildSettings = {
				ALWAYS_SEARCH_USER_PATHS = NO;
				CLANG_ANALYZER_NONNULL = YES;
				CLANG_ANALYZER_NUMBER_OBJECT_CONVERSION = YES_AGGRESSIVE;
				CLANG_CXX_LANGUAGE_STANDARD = "gnu++20";
				CLANG_ENABLE_MODULES = YES;
				CLANG_ENABLE_OBJC_ARC = YES;
				CLANG_ENABLE_OBJC_WEAK = YES;
				CLANG_WARN_BLOCK_CAPTURE_AUTORELEASING = YES;
				CLANG_WARN_BOOL_CONVERSION = YES;
				CLANG_WARN_COMMA = YES;
				CLANG_WARN_CONSTANT_CONVERSION = YES;
				CLANG_WARN_DEPRECATED_OBJC_IMPLEMENTATIONS = YES;
				CLANG_WARN_DIRECT_OBJC_ISA_USAGE = YES_ERROR;
				CLANG_WARN_DOCUMENTATION_COMMENTS = YES;
				CLANG_WARN_EMPTY_BODY = YES;
				CLANG_WARN_ENUM_CONVERSION = YES;
				CLANG_WARN_INFINITE_RECURSION = YES;
				CLANG_WARN_INT_CONVERSION = YES;
				CLANG_WARN_NON_LITERAL_NULL_CONVERSION = YES;
				CLANG_WARN_OBJC_IMPLICIT_RETAIN_SELF = YES;
				CLANG_WARN_OBJC_LITERAL_CONVERSION = YES;
				CLANG_WARN_OBJC_ROOT_CLASS = YES_ERROR;
				CLANG_WARN_QUOTED_INCLUDE_IN_FRAMEWORK_HEADER = YES;
				CLANG_WARN_RANGE_LOOP_ANALYSIS = YES;
				CLANG_WARN_STRICT_PROTOTYPES = YES;
				CLANG_WARN_SUSPICIOUS_MOVE = YES;
				CLANG_WARN_UNGUARDED_AVAILABILITY = YES_AGGRESSIVE;
				CLANG_WARN_UNREACHABLE_CODE = YES;
				CLANG_WARN__DUPLICATE_METHOD_MATCH = YES;
				COPY_PHASE_STRIP = NO;
				DEBUG_INFORMATION_FORMAT = "dwarf-with-dsym";
				ENABLE_NS_ASSERTIONS = NO;
				ENABLE_STRICT_OBJC_MSGSEND = YES;
				GCC_C_LANGUAGE_STANDARD = gnu11;
				GCC_NO_COMMON_BLOCKS = YES;
				GCC_WARN_64_TO_32_BIT_CONVERSION = YES;
				GCC_WARN_ABOUT_RETURN_TYPE = YES_ERROR;
				GCC_WARN_UNDECLARED_SELECTOR = YES;
				GCC_WARN_UNINITIALIZED_AUTOS = YES_AGGRESSIVE;
				GCC_WARN_UNUSED_FUNCTION = YES;
				GCC_WARN_UNUSED_VARIABLE = YES;
				IPHONEOS_DEPLOYMENT_TARGET = 16.4;
				MTL_ENABLE_DEBUG_INFO = NO;
				MTL_FAST_MATH = YES;
				SDKROOT = iphoneos;
				SWIFT_COMPILATION_MODE = wholemodule;
				SWIFT_OPTIMIZATION_LEVEL = "-O";
				VALIDATE_PRODUCT = YES;
			};
			name = Release;
		};
		8F09DB1B2B4A87070089F820 /* Debug */ = {
			isa = XCBuildConfiguration;
			buildSettings = {
				ASSETCATALOG_COMPILER_APPICON_NAME = AppIcon;
				ASSETCATALOG_COMPILER_GLOBAL_ACCENT_COLOR_NAME = AccentColor;
				CODE_SIGN_STYLE = Automatic;
				CURRENT_PROJECT_VERSION = 1;
				DEVELOPMENT_ASSET_PATHS = "\"Social Widgets/Preview Content\"";
				ENABLE_PREVIEWS = YES;
				GENERATE_INFOPLIST_FILE = YES;
				INFOPLIST_KEY_UIApplicationSceneManifest_Generation = YES;
				INFOPLIST_KEY_UIApplicationSupportsIndirectInputEvents = YES;
				INFOPLIST_KEY_UILaunchScreen_Generation = YES;
				INFOPLIST_KEY_UISupportedInterfaceOrientations_iPad = "UIInterfaceOrientationPortrait UIInterfaceOrientationPortraitUpsideDown UIInterfaceOrientationLandscapeLeft UIInterfaceOrientationLandscapeRight";
				INFOPLIST_KEY_UISupportedInterfaceOrientations_iPhone = "UIInterfaceOrientationPortrait UIInterfaceOrientationLandscapeLeft UIInterfaceOrientationLandscapeRight";
				LD_RUNPATH_SEARCH_PATHS = (
					"$(inherited)",
					"@executable_path/Frameworks",
				);
				MARKETING_VERSION = 1.0;
				PRODUCT_BUNDLE_IDENTIFIER = "alexblong.nz.Social-Widgets";
				PRODUCT_NAME = "$(TARGET_NAME)";
				SWIFT_EMIT_LOC_STRINGS = YES;
				SWIFT_VERSION = 5.0;
				TARGETED_DEVICE_FAMILY = "1,2";
			};
			name = Debug;
		};
		8F09DB1C2B4A87070089F820 /* Release */ = {
			isa = XCBuildConfiguration;
			buildSettings = {
				ASSETCATALOG_COMPILER_APPICON_NAME = AppIcon;
				ASSETCATALOG_COMPILER_GLOBAL_ACCENT_COLOR_NAME = AccentColor;
				CODE_SIGN_STYLE = Automatic;
				CURRENT_PROJECT_VERSION = 1;
				DEVELOPMENT_ASSET_PATHS = "\"Social Widgets/Preview Content\"";
				ENABLE_PREVIEWS = YES;
				GENERATE_INFOPLIST_FILE = YES;
				INFOPLIST_KEY_UIApplicationSceneManifest_Generation = YES;
				INFOPLIST_KEY_UIApplicationSupportsIndirectInputEvents = YES;
				INFOPLIST_KEY_UILaunchScreen_Generation = YES;
				INFOPLIST_KEY_UISupportedInterfaceOrientations_iPad = "UIInterfaceOrientationPortrait UIInterfaceOrientationPortraitUpsideDown UIInterfaceOrientationLandscapeLeft UIInterfaceOrientationLandscapeRight";
				INFOPLIST_KEY_UISupportedInterfaceOrientations_iPhone = "UIInterfaceOrientationPortrait UIInterfaceOrientationLandscapeLeft UIInterfaceOrientationLandscapeRight";
				LD_RUNPATH_SEARCH_PATHS = (
					"$(inherited)",
					"@executable_path/Frameworks",
				);
				MARKETING_VERSION = 1.0;
				PRODUCT_BUNDLE_IDENTIFIER = "alexblong.nz.Social-Widgets";
				PRODUCT_NAME = "$(TARGET_NAME)";
				SWIFT_EMIT_LOC_STRINGS = YES;
				SWIFT_VERSION = 5.0;
				TARGETED_DEVICE_FAMILY = "1,2";
			};
			name = Release;
		};
		8F09DB1E2B4A87070089F820 /* Debug */ = {
			isa = XCBuildConfiguration;
			buildSettings = {
				ALWAYS_EMBED_SWIFT_STANDARD_LIBRARIES = YES;
				BUNDLE_LOADER = "$(TEST_HOST)";
				CODE_SIGN_STYLE = Automatic;
				CURRENT_PROJECT_VERSION = 1;
				GENERATE_INFOPLIST_FILE = YES;
				IPHONEOS_DEPLOYMENT_TARGET = 16.4;
				MARKETING_VERSION = 1.0;
				PRODUCT_BUNDLE_IDENTIFIER = "alexblong.nz.Social-WidgetsTests";
				PRODUCT_NAME = "$(TARGET_NAME)";
				SWIFT_EMIT_LOC_STRINGS = NO;
				SWIFT_VERSION = 5.0;
				TARGETED_DEVICE_FAMILY = "1,2";
				TEST_HOST = "$(BUILT_PRODUCTS_DIR)/Social Widgets.app/$(BUNDLE_EXECUTABLE_FOLDER_PATH)/Social Widgets";
			};
			name = Debug;
		};
		8F09DB1F2B4A87070089F820 /* Release */ = {
			isa = XCBuildConfiguration;
			buildSettings = {
				ALWAYS_EMBED_SWIFT_STANDARD_LIBRARIES = YES;
				BUNDLE_LOADER = "$(TEST_HOST)";
				CODE_SIGN_STYLE = Automatic;
				CURRENT_PROJECT_VERSION = 1;
				GENERATE_INFOPLIST_FILE = YES;
				IPHONEOS_DEPLOYMENT_TARGET = 16.4;
				MARKETING_VERSION = 1.0;
				PRODUCT_BUNDLE_IDENTIFIER = "alexblong.nz.Social-WidgetsTests";
				PRODUCT_NAME = "$(TARGET_NAME)";
				SWIFT_EMIT_LOC_STRINGS = NO;
				SWIFT_VERSION = 5.0;
				TARGETED_DEVICE_FAMILY = "1,2";
				TEST_HOST = "$(BUILT_PRODUCTS_DIR)/Social Widgets.app/$(BUNDLE_EXECUTABLE_FOLDER_PATH)/Social Widgets";
			};
			name = Release;
		};
		8F09DB212B4A87070089F820 /* Debug */ = {
			isa = XCBuildConfiguration;
			buildSettings = {
				ALWAYS_EMBED_SWIFT_STANDARD_LIBRARIES = YES;
				CODE_SIGN_STYLE = Automatic;
				CURRENT_PROJECT_VERSION = 1;
				GENERATE_INFOPLIST_FILE = YES;
				MARKETING_VERSION = 1.0;
				PRODUCT_BUNDLE_IDENTIFIER = "alexblong.nz.Social-WidgetsUITests";
				PRODUCT_NAME = "$(TARGET_NAME)";
				SWIFT_EMIT_LOC_STRINGS = NO;
				SWIFT_VERSION = 5.0;
				TARGETED_DEVICE_FAMILY = "1,2";
				TEST_TARGET_NAME = "Social Widgets";
			};
			name = Debug;
		};
		8F09DB222B4A87070089F820 /* Release */ = {
			isa = XCBuildConfiguration;
			buildSettings = {
				ALWAYS_EMBED_SWIFT_STANDARD_LIBRARIES = YES;
				CODE_SIGN_STYLE = Automatic;
				CURRENT_PROJECT_VERSION = 1;
				GENERATE_INFOPLIST_FILE = YES;
				MARKETING_VERSION = 1.0;
				PRODUCT_BUNDLE_IDENTIFIER = "alexblong.nz.Social-WidgetsUITests";
				PRODUCT_NAME = "$(TARGET_NAME)";
				SWIFT_EMIT_LOC_STRINGS = NO;
				SWIFT_VERSION = 5.0;
				TARGETED_DEVICE_FAMILY = "1,2";
				TEST_TARGET_NAME = "Social Widgets";
			};
			name = Release;
		};
/* End XCBuildConfiguration section */

/* Begin XCConfigurationList section */
		8F09DAF12B4A87060089F820 /* Build configuration list for PBXProject "Social Widgets" */ = {
			isa = XCConfigurationList;
			buildConfigurations = (
				8F09DB182B4A87070089F820 /* Debug */,
				8F09DB192B4A87070089F820 /* Release */,
			);
			defaultConfigurationIsVisible = 0;
			defaultConfigurationName = Release;
		};
		8F09DB1A2B4A87070089F820 /* Build configuration list for PBXNativeTarget "Social Widgets" */ = {
			isa = XCConfigurationList;
			buildConfigurations = (
				8F09DB1B2B4A87070089F820 /* Debug */,
				8F09DB1C2B4A87070089F820 /* Release */,
			);
			defaultConfigurationIsVisible = 0;
			defaultConfigurationName = Release;
		};
		8F09DB1D2B4A87070089F820 /* Build configuration list for PBXNativeTarget "Social WidgetsTests" */ = {
			isa = XCConfigurationList;
			buildConfigurations = (
				8F09DB1E2B4A87070089F820 /* Debug */,
				8F09DB1F2B4A87070089F820 /* Release */,
			);
			defaultConfigurationIsVisible = 0;
			defaultConfigurationName = Release;
		};
		8F09DB202B4A87070089F820 /* Build configuration list for PBXNativeTarget "Social WidgetsUITests" */ = {
			isa = XCConfigurationList;
			buildConfigurations = (
				8F09DB212B4A87070089F820 /* Debug */,
				8F09DB222B4A87070089F820 /* Release */,
			);
			defaultConfigurationIsVisible = 0;
			defaultConfigurationName = Release;
		};
/* End XCConfigurationList section */
	};
	rootObject = 8F09DAEE2B4A87060089F820 /* Project object */;
}
